
Microsoft Visual Studio Solution File, Format Version 12.00
# Visual Studio Version 16
VisualStudioVersion = 16.0.29613.14
MinimumVisualStudioVersion = 10.0.40219.1
Project("{FAE04EC0-301F-11D3-BF4B-00C04F79EFBC}") = "ronpruitt_firstapp", "ronpruitt_firstapp\ronpruitt_firstapp.csproj", "{F73247FC-5558-4687-B390-28567DA0F21B}"
EndProject
Global
	GlobalSection(SolutionConfigurationPlatforms) = preSolution
		Debug|Any CPU = Debug|Any CPU
		Release|Any CPU = Release|Any CPU
	EndGlobalSection
	GlobalSection(ProjectConfigurationPlatforms) = postSolution
		{F73247FC-5558-4687-B390-28567DA0F21B}.Debug|Any CPU.ActiveCfg = Debug|Any CPU
		{F73247FC-5558-4687-B390-28567DA0F21B}.Debug|Any CPU.Build.0 = Debug|Any CPU
		{F73247FC-5558-4687-B390-28567DA0F21B}.Release|Any CPU.ActiveCfg = Release|Any CPU
		{F73247FC-5558-4687-B390-28567DA0F21B}.Release|Any CPU.Build.0 = Release|Any CPU
	EndGlobalSection
	GlobalSection(SolutionProperties) = preSolution
		HideSolutionNode = FALSE
	EndGlobalSection
	GlobalSection(ExtensibilityGlobals) = postSolution
		SolutionGuid = {2C95C848-20FF-4B6E-A808-E898466CC70E}
	EndGlobalSection
EndGlobal
