
Microsoft Visual Studio Solution File, Format Version 12.00
# Visual Studio Version 16
VisualStudioVersion = 16.0.29728.190
MinimumVisualStudioVersion = 10.0.40219.1
Project("{FAE04EC0-301F-11D3-BF4B-00C04F79EFBC}") = "Final_Pruitt_Part2", "Final_Pruitt_Part2.csproj", "{02C1BB7F-63CC-45E3-A581-A0EFD3B1AE78}"
EndProject
Global
	GlobalSection(SolutionConfigurationPlatforms) = preSolution
		Debug|Any CPU = Debug|Any CPU
		Release|Any CPU = Release|Any CPU
	EndGlobalSection
	GlobalSection(ProjectConfigurationPlatforms) = postSolution
		{02C1BB7F-63CC-45E3-A581-A0EFD3B1AE78}.Debug|Any CPU.ActiveCfg = Debug|Any CPU
		{02C1BB7F-63CC-45E3-A581-A0EFD3B1AE78}.Debug|Any CPU.Build.0 = Debug|Any CPU
		{02C1BB7F-63CC-45E3-A581-A0EFD3B1AE78}.Release|Any CPU.ActiveCfg = Release|Any CPU
		{02C1BB7F-63CC-45E3-A581-A0EFD3B1AE78}.Release|Any CPU.Build.0 = Release|Any CPU
	EndGlobalSection
	GlobalSection(SolutionProperties) = preSolution
		HideSolutionNode = FALSE
	EndGlobalSection
	GlobalSection(ExtensibilityGlobals) = postSolution
		SolutionGuid = {73E16767-237D-4F78-9A7D-7D9AFD67D957}
	EndGlobalSection
EndGlobal
